Microsoft Visual Studio Solution File, Format Version 12.00
# Visual Studio Version 17
VisualStudioVersion = 17.5.2.0
MinimumVisualStudioVersion = 10.0.40219.1
Project("{FAE04EC0-301F-11D3-BF4B-00C04F79EFBC}") = "Dynamics365-UCI-automation-template", "Dynamics365-UCI-automation-template.csproj", "{EBBF1145-8366-C931-DAA1-0B1AE464EDF3}"
EndProject
Global
	GlobalSection(SolutionConfigurationPlatforms) = preSolution
		Debug|Any CPU = Debug|Any CPU
		Release|Any CPU = Release|Any CPU
	EndGlobalSection
	GlobalSection(ProjectConfigurationPlatforms) = postSolution
		{EBBF1145-8366-C931-DAA1-0B1AE464EDF3}.Debug|Any CPU.ActiveCfg = Debug|Any CPU
		{EBBF1145-8366-C931-DAA1-0B1AE464EDF3}.Debug|Any CPU.Build.0 = Debug|Any CPU
		{EBBF1145-8366-C931-DAA1-0B1AE464EDF3}.Release|Any CPU.ActiveCfg = Release|Any CPU
		{EBBF1145-8366-C931-DAA1-0B1AE464EDF3}.Release|Any CPU.Build.0 = Release|Any CPU
	EndGlobalSection
	GlobalSection(SolutionProperties) = preSolution
		HideSolutionNode = FALSE
	EndGlobalSection
	GlobalSection(ExtensibilityGlobals) = postSolution
		SolutionGuid = {24EEE851-FB21-4CFF-8571-425D2DA7A683}
	EndGlobalSection
EndGlobal
